
Microsoft Visual Studio Solution File, Format Version 12.00
# Visual Studio Version 17
VisualStudioVersion = 17.3.32819.101
MinimumVisualStudioVersion = 10.0.40219.1
Project("{FAE04EC0-301F-11D3-BF4B-00C04F79EFBC}") = "KendoUI_EmployeesManagerV3", "KendoUI-EmployeesManagerV3\KendoUI_EmployeesManagerV3.csproj", "{D91DFB3B-F9CF-450B-B619-8992F0AF8203}"
EndProject
Global
	GlobalSection(SolutionConfigurationPlatforms) = preSolution
		Debug|Any CPU = Debug|Any CPU
		Release|Any CPU = Release|Any CPU
	EndGlobalSection
	GlobalSection(ProjectConfigurationPlatforms) = postSolution
		{D91DFB3B-F9CF-450B-B619-8992F0AF8203}.Debug|Any CPU.ActiveCfg = Debug|Any CPU
		{D91DFB3B-F9CF-450B-B619-8992F0AF8203}.Debug|Any CPU.Build.0 = Debug|Any CPU
		{D91DFB3B-F9CF-450B-B619-8992F0AF8203}.Release|Any CPU.ActiveCfg = Release|Any CPU
		{D91DFB3B-F9CF-450B-B619-8992F0AF8203}.Release|Any CPU.Build.0 = Release|Any CPU
	EndGlobalSection
	GlobalSection(SolutionProperties) = preSolution
		HideSolutionNode = FALSE
	EndGlobalSection
	GlobalSection(ExtensibilityGlobals) = postSolution
		SolutionGuid = {EFCA6D4D-36EC-4743-9414-98D12C15738A}
	EndGlobalSection
EndGlobal
